Microsoft Visual Studio Solution File, Format Version 12.00
# Visual Studio Version 17
VisualStudioVersion = 17.5.2.0
MinimumVisualStudioVersion = 10.0.40219.1
Project("{FAE04EC0-301F-11D3-BF4B-00C04F79EFBC}") = "ClassroomAPI", "ClassroomAPI\ClassroomAPI.csproj", "{E728CFEA-93AF-4A83-735F-367E60A8D12C}"
EndProject
Global
	GlobalSection(SolutionConfigurationPlatforms) = preSolution
		Debug|Any CPU = Debug|Any CPU
		Release|Any CPU = Release|Any CPU
	EndGlobalSection
	GlobalSection(ProjectConfigurationPlatforms) = postSolution
		{E728CFEA-93AF-4A83-735F-367E60A8D12C}.Debug|Any CPU.ActiveCfg = Debug|Any CPU
		{E728CFEA-93AF-4A83-735F-367E60A8D12C}.Debug|Any CPU.Build.0 = Debug|Any CPU
		{E728CFEA-93AF-4A83-735F-367E60A8D12C}.Release|Any CPU.ActiveCfg = Release|Any CPU
		{E728CFEA-93AF-4A83-735F-367E60A8D12C}.Release|Any CPU.Build.0 = Release|Any CPU
	EndGlobalSection
	GlobalSection(SolutionProperties) = preSolution
		HideSolutionNode = FALSE
	EndGlobalSection
	GlobalSection(ExtensibilityGlobals) = postSolution
		SolutionGuid = {583AA129-3CF5-4A42-B81D-D500A34A4340}
	EndGlobalSection
EndGlobal
